
Microsoft Visual Studio Solution File, Format Version 12.00
# Visual Studio 14
VisualStudioVersion = 14.0.25420.1
MinimumVisualStudioVersion = 10.0.40219.1
Project("{2150E333-8FDC-42A3-9474-1A3956D46DE8}") = "src", "src", "{072F5BED-B571-44FE-A907-FC83BB8082A7}"
EndProject
Project("{2150E333-8FDC-42A3-9474-1A3956D46DE8}") = "Solution Items", "Solution Items", "{85DA357F-8437-4291-9FB0-B8921FC13776}"
	ProjectSection(SolutionItems) = preProject
		global.json = global.json
	EndProjectSection
EndProject
Project("{8BB2217D-0F2D-49D1-97BC-3654ED321F3B}") = "Ngb.FoxClient", "src\Ngb.FoxClient\Ngb.FoxClient.xproj", "{BC28CA4B-0169-43FE-B680-F8050BBC38E9}"
EndProject
Global
	GlobalSection(SolutionConfigurationPlatforms) = preSolution
		Debug|Any CPU = Debug|Any CPU
		Release|Any CPU = Release|Any CPU
	EndGlobalSection
	GlobalSection(ProjectConfigurationPlatforms) = postSolution
		{BC28CA4B-0169-43FE-B680-F8050BBC38E9}.Debug|Any CPU.ActiveCfg = Debug|Any CPU
		{BC28CA4B-0169-43FE-B680-F8050BBC38E9}.Debug|Any CPU.Build.0 = Debug|Any CPU
		{BC28CA4B-0169-43FE-B680-F8050BBC38E9}.Release|Any CPU.ActiveCfg = Release|Any CPU
		{BC28CA4B-0169-43FE-B680-F8050BBC38E9}.Release|Any CPU.Build.0 = Release|Any CPU
	EndGlobalSection
	GlobalSection(SolutionProperties) = preSolution
		HideSolutionNode = FALSE
	EndGlobalSection
	GlobalSection(NestedProjects) = preSolution
		{BC28CA4B-0169-43FE-B680-F8050BBC38E9} = {072F5BED-B571-44FE-A907-FC83BB8082A7}
	EndGlobalSection
EndGlobal
